<?xml version="1.0" encoding="utf-8"?>
<Project ToolsVersion="4.0" xmlns="http://schemas.microsoft.com/developer/msbuild/2003">
  <ItemGroup>
    <Filter Include="Source Files">
      <UniqueIdentifier>{4FC737F1-C7A5-4376-A066-2A32D752A2FF}</UniqueIdentifier>
      <Extensions>cpp;c;cc;cxx;def;odl;idl;hpj;bat;asm;asmx</Extensions>
    </Filter>
    <Filter Include="Header Files">
      <UniqueIdentifier>{93995380-89BD-4b04-88EB-625FBE52EBFB}</UniqueIdentifier>
      <Extensions>h;hh;hpp;hxx;hm;inl;inc;xsd</Extensions>
    </Filter>
    <Filter Include="Resource Files">
      <UniqueIdentifier>{67DA6AB6-F800-4c08-8B7A-83BB121AAD01}</UniqueIdentifier>
      <Extensions>rc;ico;cur;bmp;dlg;rc2;rct;bin;rgs;gif;jpg;jpeg;jpe;resx;tiff;tif;png;wav;mfcribbon-ms</Extensions>
    </Filter>
  </ItemGroup>
  <ItemGroup>
    <ClCompile Include="Main.cpp">
      <Filter>Source Files</Filter>
    </ClCompile>
    <ClCompile Include="Game.cpp">
      <Filter>Source Files</Filter>
    </ClCompile>
    <ClCompile Include="TextureManager.cpp">
      <Filter>Source Files</Filter>
    </ClCompile>
    <ClCompile Include="Entity.cpp">
      <Filter>Source Files</Filter>
    </ClCompile>
    <ClCompile Include="Player.cpp">
      <Filter>Source Files</Filter>
    </ClCompile>
    <ClCompile Include="CollisionSystem.cpp">
      <Filter>Source Files</Filter>
    </ClCompile>
    <ClCompile Include="Enemy.cpp">
      <Filter>Source Files</Filter>
    </ClCompile>
    <ClCompile Include="Utils\TileParser.cpp">
      <Filter>Source Files</Filter>
    </ClCompile>
    <ClCompile Include="Animation.cpp">
      <Filter>Source Files</Filter>
    </ClCompile>
    <ClCompile Include="AnimatedSprite.cpp">
      <Filter>Source Files</Filter>
    </ClCompile>
  </ItemGroup>
  <ItemGroup>
    <ClInclude Include="Game.h">
      <Filter>Header Files</Filter>
    </ClInclude>
    <ClInclude Include="TextureManager.h">
      <Filter>Header Files</Filter>
    </ClInclude>
    <ClInclude Include="Entity.h">
      <Filter>Header Files</Filter>
    </ClInclude>
    <ClInclude Include="Player.h">
      <Filter>Header Files</Filter>
    </ClInclude>
    <ClInclude Include="CollisionSystem.h">
      <Filter>Header Files</Filter>
    </ClInclude>
    <ClInclude Include="Enemy.h">
      <Filter>Header Files</Filter>
    </ClInclude>
    <ClInclude Include="Utils\TileParser.h">
      <Filter>Header Files</Filter>
    </ClInclude>
    <ClInclude Include="GlobalRPG.hpp">
      <Filter>Header Files</Filter>
    </ClInclude>
    <ClInclude Include="Animation.h">
      <Filter>Header Files</Filter>
    </ClInclude>
    <ClInclude Include="AnimatedSprite.h">
      <Filter>Header Files</Filter>
    </ClInclude>
  </ItemGroup>
  <ItemGroup>
    <Text Include="Maps\Map_001.txt" />
  </ItemGroup>
  <ItemGroup>
    <Image Include="Resources\Textures\Map\spr_tile_door_locked.png">
      <Filter>Resource Files</Filter>
    </Image>
    <Image Include="Resources\Textures\Map\spr_tile_door_unlocked.png">
      <Filter>Resource Files</Filter>
    </Image>
    <Image Include="Resources\Textures\Map\spr_tile_floor.png">
      <Filter>Resource Files</Filter>
    </Image>
    <Image Include="Resources\Textures\Map\spr_tile_floor_alt.png">
      <Filter>Resource Files</Filter>
    </Image>
    <Image Include="Resources\Textures\Map\spr_tile_wall_bottom_end.png">
      <Filter>Resource Files</Filter>
    </Image>
    <Image Include="Resources\Textures\Map\spr_tile_wall_bottom_left.png">
      <Filter>Resource Files</Filter>
    </Image>
    <Image Include="Resources\Textures\Map\spr_tile_wall_bottom_right.png">
      <Filter>Resource Files</Filter>
    </Image>
    <Image Include="Resources\Textures\Map\spr_tile_wall_bottom_t.png">
      <Filter>Resource Files</Filter>
    </Image>
    <Image Include="Resources\Textures\Map\spr_tile_wall_entrance.png">
      <Filter>Resource Files</Filter>
    </Image>
    <Image Include="Resources\Textures\Map\spr_tile_wall_intersection.png">
      <Filter>Resource Files</Filter>
    </Image>
    <Image Include="Resources\Textures\Map\spr_tile_wall_side.png">
      <Filter>Resource Files</Filter>
    </Image>
    <Image Include="Resources\Textures\Map\spr_tile_wall_side_left_end.png">
      <Filter>Resource Files</Filter>
    </Image>
    <Image Include="Resources\Textures\Map\spr_tile_wall_side_left_t.png">
      <Filter>Resource Files</Filter>
    </Image>
    <Image Include="Resources\Textures\Map\spr_tile_wall_side_right_end.png">
      <Filter>Resource Files</Filter>
    </Image>
    <Image Include="Resources\Textures\Map\spr_tile_wall_side_right_t.png">
      <Filter>Resource Files</Filter>
    </Image>
    <Image Include="Resources\Textures\Map\spr_tile_wall_single.png">
      <Filter>Resource Files</Filter>
    </Image>
    <Image Include="Resources\Textures\Map\spr_tile_wall_top.png">
      <Filter>Resource Files</Filter>
    </Image>
    <Image Include="Resources\Textures\Map\spr_tile_wall_top_end.png">
      <Filter>Resource Files</Filter>
    </Image>
    <Image Include="Resources\Textures\Map\spr_tile_wall_top_left.png">
      <Filter>Resource Files</Filter>
    </Image>
    <Image Include="Resources\Textures\Map\spr_tile_wall_top_right.png">
      <Filter>Resource Files</Filter>
    </Image>
    <Image Include="Resources\Textures\Map\spr_tile_wall_top_t.png">
      <Filter>Resource Files</Filter>
    </Image>
    <Image Include="Resources\Textures\Entities\Player\buckler.png">
      <Filter>Resource Files</Filter>
    </Image>
    <Image Include="Resources\Textures\Entities\Player\clothes.png">
      <Filter>Resource Files</Filter>
    </Image>
    <Image Include="Resources\Textures\Entities\Player\dagger.png">
      <Filter>Resource Files</Filter>
    </Image>
    <Image Include="Resources\Textures\Entities\Player\greatbow.png">
      <Filter>Resource Files</Filter>
    </Image>
    <Image Include="Resources\Textures\Entities\Player\greatstaff.png">
      <Filter>Resource Files</Filter>
    </Image>
    <Image Include="Resources\Textures\Entities\Player\greatsword.png">
      <Filter>Resource Files</Filter>
    </Image>
    <Image Include="Resources\Textures\Entities\Player\leather_armor.png">
      <Filter>Resource Files</Filter>
    </Image>
    <Image Include="Resources\Textures\Entities\Player\longbow.png">
      <Filter>Resource Files</Filter>
    </Image>
    <Image Include="Resources\Textures\Entities\Player\longsword.png">
      <Filter>Resource Files</Filter>
    </Image>
    <Image Include="Resources\Textures\Entities\Player\male_head1.png">
      <Filter>Resource Files</Filter>
    </Image>
    <Image Include="Resources\Textures\Entities\Player\male_head2.png">
      <Filter>Resource Files</Filter>
    </Image>
    <Image Include="Resources\Textures\Entities\Player\male_head3.png">
      <Filter>Resource Files</Filter>
    </Image>
    <Image Include="Resources\Textures\Entities\Player\rod.png">
      <Filter>Resource Files</Filter>
    </Image>
    <Image Include="Resources\Textures\Entities\Player\shield.png">
      <Filter>Resource Files</Filter>
    </Image>
    <Image Include="Resources\Textures\Entities\Player\shortbow.png">
      <Filter>Resource Files</Filter>
    </Image>
    <Image Include="Resources\Textures\Entities\Player\shortsword.png">
      <Filter>Resource Files</Filter>
    </Image>
    <Image Include="Resources\Textures\Entities\Player\slingshot.png">
      <Filter>Resource Files</Filter>
    </Image>
    <Image Include="Resources\Textures\Entities\Player\staff.png">
      <Filter>Resource Files</Filter>
    </Image>
    <Image Include="Resources\Textures\Entities\Player\steel_armor.png">
      <Filter>Resource Files</Filter>
    </Image>
    <Image Include="Resources\Textures\Entities\Player\wand.png">
      <Filter>Resource Files</Filter>
    </Image>
    <Image Include="Resources\Textures\Entities\Misc\Mushroom.png">
      <Filter>Resource Files</Filter>
    </Image>
    <Image Include="Resources\Textures\Entities\Enemy\goblin.png">
      <Filter>Resource Files</Filter>
    </Image>
  </ItemGroup>
</Project>